
Microsoft Visual Studio Solution File, Format Version 12.00
# Visual Studio Version 16
VisualStudioVersion = 16.0.31321.278
MinimumVisualStudioVersion = 10.0.40219.1
Project("{9A19103F-16F7-4668-BE54-9A1E7A4F7556}") = "ProjectThomas", "ProjectThomas\ProjectThomas.csproj", "{5D62AF2D-8AC6-409F-883E-6FD3D9F09ADE}"
EndProject
Global
	GlobalSection(SolutionConfigurationPlatforms) = preSolution
		Debug|Any CPU = Debug|Any CPU
		Release|Any CPU = Release|Any CPU
	EndGlobalSection
	GlobalSection(ProjectConfigurationPlatforms) = postSolution
		{5D62AF2D-8AC6-409F-883E-6FD3D9F09ADE}.Debug|Any CPU.ActiveCfg = Debug|Any CPU
		{5D62AF2D-8AC6-409F-883E-6FD3D9F09ADE}.Debug|Any CPU.Build.0 = Debug|Any CPU
		{5D62AF2D-8AC6-409F-883E-6FD3D9F09ADE}.Release|Any CPU.ActiveCfg = Release|Any CPU
		{5D62AF2D-8AC6-409F-883E-6FD3D9F09ADE}.Release|Any CPU.Build.0 = Release|Any CPU
	EndGlobalSection
	GlobalSection(SolutionProperties) = preSolution
		HideSolutionNode = FALSE
	EndGlobalSection
	GlobalSection(ExtensibilityGlobals) = postSolution
		SolutionGuid = {64D2F82E-FE1E-40FA-ADBD-0581876F47A3}
	EndGlobalSection
EndGlobal
